
Microsoft Visual Studio Solution File, Format Version 12.00
# Visual Studio Version 16
VisualStudioVersion = 16.0.29806.167
MinimumVisualStudioVersion = 10.0.40219.1
Project("{FAE04EC0-301F-11D3-BF4B-00C04F79EFBC}") = "ConsoleAppInteraktywnie", "ConsoleAppInteraktywnie\ConsoleAppInteraktywnie.csproj", "{1A4EF9B0-6595-49D3-B694-E4342DD54578}"
EndProject
Project("{FAE04EC0-301F-11D3-BF4B-00C04F79EFBC}") = "ConsoleAppVisualBasic", "ConsoleAppVisualBasic\ConsoleAppVisualBasic.csproj", "{2A82E572-166F-434C-99CF-0885A1E53A34}"
EndProject
Project("{FAE04EC0-301F-11D3-BF4B-00C04F79EFBC}") = "ConsoleAppCoreWsadowo", "ConsoleAppCoreWsadowo\ConsoleAppCoreWsadowo.csproj", "{C32D2D21-340A-4A7B-8655-89828E0D7231}"
EndProject
Project("{FAE04EC0-301F-11D3-BF4B-00C04F79EFBC}") = "WindowsFormsApp", "WindowsFormsApp\WindowsFormsApp.csproj", "{D49FBBC3-9965-4E8E-A13B-0181B3EC45BB}"
EndProject
Global
	GlobalSection(SolutionConfigurationPlatforms) = preSolution
		Debug|Any CPU = Debug|Any CPU
		Release|Any CPU = Release|Any CPU
	EndGlobalSection
	GlobalSection(ProjectConfigurationPlatforms) = postSolution
		{1A4EF9B0-6595-49D3-B694-E4342DD54578}.Debug|Any CPU.ActiveCfg = Debug|Any CPU
		{1A4EF9B0-6595-49D3-B694-E4342DD54578}.Debug|Any CPU.Build.0 = Debug|Any CPU
		{1A4EF9B0-6595-49D3-B694-E4342DD54578}.Release|Any CPU.ActiveCfg = Release|Any CPU
		{1A4EF9B0-6595-49D3-B694-E4342DD54578}.Release|Any CPU.Build.0 = Release|Any CPU
		{2A82E572-166F-434C-99CF-0885A1E53A34}.Debug|Any CPU.ActiveCfg = Debug|Any CPU
		{2A82E572-166F-434C-99CF-0885A1E53A34}.Debug|Any CPU.Build.0 = Debug|Any CPU
		{2A82E572-166F-434C-99CF-0885A1E53A34}.Release|Any CPU.ActiveCfg = Release|Any CPU
		{2A82E572-166F-434C-99CF-0885A1E53A34}.Release|Any CPU.Build.0 = Release|Any CPU
		{C32D2D21-340A-4A7B-8655-89828E0D7231}.Debug|Any CPU.ActiveCfg = Debug|Any CPU
		{C32D2D21-340A-4A7B-8655-89828E0D7231}.Debug|Any CPU.Build.0 = Debug|Any CPU
		{C32D2D21-340A-4A7B-8655-89828E0D7231}.Release|Any CPU.ActiveCfg = Release|Any CPU
		{C32D2D21-340A-4A7B-8655-89828E0D7231}.Release|Any CPU.Build.0 = Release|Any CPU
		{D49FBBC3-9965-4E8E-A13B-0181B3EC45BB}.Debug|Any CPU.ActiveCfg = Debug|Any CPU
		{D49FBBC3-9965-4E8E-A13B-0181B3EC45BB}.Debug|Any CPU.Build.0 = Debug|Any CPU
		{D49FBBC3-9965-4E8E-A13B-0181B3EC45BB}.Release|Any CPU.ActiveCfg = Release|Any CPU
		{D49FBBC3-9965-4E8E-A13B-0181B3EC45BB}.Release|Any CPU.Build.0 = Release|Any CPU
	EndGlobalSection
	GlobalSection(SolutionProperties) = preSolution
		HideSolutionNode = FALSE
	EndGlobalSection
	GlobalSection(ExtensibilityGlobals) = postSolution
		SolutionGuid = {95E14C4E-BC16-4ADF-8765-B7BDBAFD6EDF}
	EndGlobalSection
EndGlobal
